
Microsoft Visual Studio Solution File, Format Version 12.00
# Visual Studio Version 16
VisualStudioVersion = 16.0.30406.217
MinimumVisualStudioVersion = 10.0.40219.1
Project("{FAE04EC0-301F-11D3-BF4B-00C04F79EFBC}") = "CarPark.API", "CarPark.API\CarPark.API.csproj", "{B9173526-BD03-4B54-AF3C-F3DCF6B7A31C}"
EndProject
Project("{FAE04EC0-301F-11D3-BF4B-00C04F79EFBC}") = "CarPark.API.Data", "CarPark.API.Data\CarPark.API.Data.csproj", "{C9BE4C8B-09C7-42DC-ABF3-88A940B83792}"
EndProject
Global
	GlobalSection(SolutionConfigurationPlatforms) = preSolution
		Debug|Any CPU = Debug|Any CPU
		Release|Any CPU = Release|Any CPU
	EndGlobalSection
	GlobalSection(ProjectConfigurationPlatforms) = postSolution
		{B9173526-BD03-4B54-AF3C-F3DCF6B7A31C}.Debug|Any CPU.ActiveCfg = Debug|Any CPU
		{B9173526-BD03-4B54-AF3C-F3DCF6B7A31C}.Debug|Any CPU.Build.0 = Debug|Any CPU
		{B9173526-BD03-4B54-AF3C-F3DCF6B7A31C}.Release|Any CPU.ActiveCfg = Release|Any CPU
		{B9173526-BD03-4B54-AF3C-F3DCF6B7A31C}.Release|Any CPU.Build.0 = Release|Any CPU
		{C9BE4C8B-09C7-42DC-ABF3-88A940B83792}.Debug|Any CPU.ActiveCfg = Debug|Any CPU
		{C9BE4C8B-09C7-42DC-ABF3-88A940B83792}.Debug|Any CPU.Build.0 = Debug|Any CPU
		{C9BE4C8B-09C7-42DC-ABF3-88A940B83792}.Release|Any CPU.ActiveCfg = Release|Any CPU
		{C9BE4C8B-09C7-42DC-ABF3-88A940B83792}.Release|Any CPU.Build.0 = Release|Any CPU
	EndGlobalSection
	GlobalSection(SolutionProperties) = preSolution
		HideSolutionNode = FALSE
	EndGlobalSection
	GlobalSection(ExtensibilityGlobals) = postSolution
		SolutionGuid = {3F16D644-F716-467C-8193-BCBA131A70F9}
	EndGlobalSection
EndGlobal
